{
  "name": "file-shelter",
  "lockfileVersion": 3,
  "requires": true,
  "packages": {
    "": {
      "dependencies": {
        "@aws-sdk/cloudfront-signer": "^3.1031.0"
      }
    },
    "node_modules/@aws-sdk/cloudfront-signer": {
      "version": "3.1031.0",
      "resolved": "https://registry.npmjs.org/@aws-sdk/cloudfront-signer/-/cloudfront-signer-3.1031.0.tgz",
      "integrity": "sha512-HHu5NdqmAs1OQqbMP8DmFxuQLHbYO/5X+JvaKyinooCMYc/btxrXH1YM8yzSzdRxzGWb5i3PQQq2oYlfBz9oWQ==",
      "license": "Apache-2.0",
      "dependencies": {
        "@smithy/core": "^3.23.15",
        "@smithy/url-parser": "^4.2.14",
        "tslib": "^2.6.2"
      },
      "engines": {
        "node": ">=20.0.0"
      }
    },
    "node_modules/@smithy/core": {
      "version": "3.23.15",
      "resolved": "https://registry.npmjs.org/@smithy/core/-/core-3.23.15.tgz",
      "integrity": "sha512-E7GVCgsQttzfujEZb6Qep005wWf4xiL4x06apFEtzQMWYBPggZh/0cnOxPficw5cuK/YjjkehKoIN4YUaSh0UQ==",
      "license": "Apache-2.0",
      "dependencies": {
        "@smithy/protocol-http": "^5.3.14",
        "@smithy/types": "^4.14.1",
        "@smithy/url-parser": "^4.2.14",
        "@smithy/util-base64": "^4.3.2",
        "@smithy/util-body-length-browser": "^4.2.2",
        "@smithy/util-middleware": "^4.2.14",
        "@smithy/util-stream": "^4.5.23",
        "@smithy/util-utf8": "^4.2.2",
        "@smithy/uuid": "^1.1.2",
        "tslib": "^2.6.2"
      },
      "engines": {
        "node": ">=18.0.0"
      }
    },
    "node_modules/@smithy/fetch-http-handler": {
      "version": "5.3.17",
      "resolved": "https://registry.npmjs.org/@smithy/fetch-http-handler/-/fetch-http-handler-5.3.17.tgz",
      "integrity": "sha512-bXOvQzaSm6MnmLaWA1elgfQcAtN4UP3vXqV97bHuoOrHQOJiLT3ds6o9eo5bqd0TJfRFpzdGnDQdW3FACiAVdw==",
      "license": "Apache-2.0",
      "dependencies": {
        "@smithy/protocol-http": "^5.3.14",
        "@smithy/querystring-builder": "^4.2.14",
        "@smithy/types": "^4.14.1",
        "@smithy/util-base64": "^4.3.2",
        "tslib": "^2.6.2"
      },
      "engines": {
        "node": ">=18.0.0"
      }
    },
    "node_modules/@smithy/is-array-buffer": {
      "version": "4.2.2",
      "resolved": "https://registry.npmjs.org/@smithy/is-array-buffer/-/is-array-buffer-4.2.2.tgz",
      "integrity": "sha512-n6rQ4N8Jj4YTQO3YFrlgZuwKodf4zUFs7EJIWH86pSCWBaAtAGBFfCM7Wx6D2bBJ2xqFNxGBSrUWswT3M0VJow==",
      "license": "Apache-2.0",
      "dependencies": {
        "tslib": "^2.6.2"
      },
      "engines": {
        "node": ">=18.0.0"
      }
    },
    "node_modules/@smithy/node-http-handler": {
      "version": "4.5.3",
      "resolved": "https://registry.npmjs.org/@smithy/node-http-handler/-/node-http-handler-4.5.3.tgz",
      "integrity": "sha512-lc5jFL++x17sPhIwMWJ3YOnqmSjw/2Po6VLDlUIXvxVWRuJwRXnJ4jOBBLB0cfI5BB5ehIl02Fxr1PDvk/kxDw==",
      "license": "Apache-2.0",
      "dependencies": {
        "@smithy/protocol-http": "^5.3.14",
        "@smithy/querystring-builder": "^4.2.14",
        "@smithy/types": "^4.14.1",
        "tslib": "^2.6.2"
      },
      "engines": {
        "node": ">=18.0.0"
      }
    },
    "node_modules/@smithy/protocol-http": {
      "version": "5.3.14",
      "resolved": "https://registry.npmjs.org/@smithy/protocol-http/-/protocol-http-5.3.14.tgz",
      "integrity": "sha512-dN5F8kHx8RNU0r+pCwNmFZyz6ChjMkzShy/zup6MtkRmmix4vZzJdW+di7x//b1LiynIev88FM18ie+wwPcQtQ==",
      "license": "Apache-2.0",
      "dependencies": {
        "@smithy/types": "^4.14.1",
        "tslib": "^2.6.2"
      },
      "engines": {
        "node": ">=18.0.0"
      }
    },
    "node_modules/@smithy/querystring-builder": {
      "version": "4.2.14",
      "resolved": "https://registry.npmjs.org/@smithy/querystring-builder/-/querystring-builder-4.2.14.tgz",
      "integrity": "sha512-XYA5Z0IqTeF+5XDdh4BBmSA0HvbgVZIyv4cmOoUheDNR57K1HgBp9ukUMx3Cr3XpDHHpLBnexPE3LAtDsZkj2A==",
      "license": "Apache-2.0",
      "dependencies": {
        "@smithy/types": "^4.14.1",
        "@smithy/util-uri-escape": "^4.2.2",
        "tslib": "^2.6.2"
      },
      "engines": {
        "node": ">=18.0.0"
      }
    },
    "node_modules/@smithy/querystring-parser": {
      "version": "4.2.14",
      "resolved": "https://registry.npmjs.org/@smithy/querystring-parser/-/querystring-parser-4.2.14.tgz",
      "integrity": "sha512-hr+YyqBD23GVvRxGGrcc/oOeNlK3PzT5Fu4dzrDXxzS1LpFiuL2PQQqKPs87M79aW7ziMs+nvB3qdw77SqE7Lw==",
      "license": "Apache-2.0",
      "dependencies": {
        "@smithy/types": "^4.14.1",
        "tslib": "^2.6.2"
      },
      "engines": {
        "node": ">=18.0.0"
      }
    },
    "node_modules/@smithy/types": {
      "version": "4.14.1",
      "resolved": "https://registry.npmjs.org/@smithy/types/-/types-4.14.1.tgz",
      "integrity": "sha512-59b5HtSVrVR/eYNei3BUj3DCPKD/G7EtDDe7OEJE7i7FtQFugYo6MxbotS8mVJkLNVf8gYaAlEBwwtJ9HzhWSg==",
      "license": "Apache-2.0",
      "dependencies": {
        "tslib": "^2.6.2"
      },
      "engines": {
        "node": ">=18.0.0"
      }
    },
    "node_modules/@smithy/url-parser": {
      "version": "4.2.14",
      "resolved": "https://registry.npmjs.org/@smithy/url-parser/-/url-parser-4.2.14.tgz",
      "integrity": "sha512-p06BiBigJ8bTA3MgnOfCtDUWnAMY0YfedO/GRpmc7p+wg3KW8vbXy1xwSu5ASy0wV7rRYtlfZOIKH4XqfhjSQQ==",
      "license": "Apache-2.0",
      "dependencies": {
        "@smithy/querystring-parser": "^4.2.14",
        "@smithy/types": "^4.14.1",
        "tslib": "^2.6.2"
      },
      "engines": {
        "node": ">=18.0.0"
      }
    },
    "node_modules/@smithy/util-base64": {
      "version": "4.3.2",
      "resolved": "https://registry.npmjs.org/@smithy/util-base64/-/util-base64-4.3.2.tgz",
      "integrity": "sha512-XRH6b0H/5A3SgblmMa5ErXQ2XKhfbQB+Fm/oyLZ2O2kCUrwgg55bU0RekmzAhuwOjA9qdN5VU2BprOvGGUkOOQ==",
      "license": "Apache-2.0",
      "dependencies": {
        "@smithy/util-buffer-from": "^4.2.2",
        "@smithy/util-utf8": "^4.2.2",
        "tslib": "^2.6.2"
      },
      "engines": {
        "node": ">=18.0.0"
      }
    },
    "node_modules/@smithy/util-body-length-browser": {
      "version": "4.2.2",
      "resolved": "https://registry.npmjs.org/@smithy/util-body-length-browser/-/util-body-length-browser-4.2.2.tgz",
      "integrity": "sha512-JKCrLNOup3OOgmzeaKQwi4ZCTWlYR5H4Gm1r2uTMVBXoemo1UEghk5vtMi1xSu2ymgKVGW631e2fp9/R610ZjQ==",
      "license": "Apache-2.0",
      "dependencies": {
        "tslib": "^2.6.2"
      },
      "engines": {
        "node": ">=18.0.0"
      }
    },
    "node_modules/@smithy/util-buffer-from": {
      "version": "4.2.2",
      "resolved": "https://registry.npmjs.org/@smithy/util-buffer-from/-/util-buffer-from-4.2.2.tgz",
      "integrity": "sha512-FDXD7cvUoFWwN6vtQfEta540Y/YBe5JneK3SoZg9bThSoOAC/eGeYEua6RkBgKjGa/sz6Y+DuBZj3+YEY21y4Q==",
      "license": "Apache-2.0",
      "dependencies": {
        "@smithy/is-array-buffer": "^4.2.2",
        "tslib": "^2.6.2"
      },
      "engines": {
        "node": ">=18.0.0"
      }
    },
    "node_modules/@smithy/util-hex-encoding": {
      "version": "4.2.2",
      "resolved": "https://registry.npmjs.org/@smithy/util-hex-encoding/-/util-hex-encoding-4.2.2.tgz",
      "integrity": "sha512-Qcz3W5vuHK4sLQdyT93k/rfrUwdJ8/HZ+nMUOyGdpeGA1Wxt65zYwi3oEl9kOM+RswvYq90fzkNDahPS8K0OIg==",
      "license": "Apache-2.0",
      "dependencies": {
        "tslib": "^2.6.2"
      },
      "engines": {
        "node": ">=18.0.0"
      }
    },
    "node_modules/@smithy/util-middleware": {
      "version": "4.2.14",
      "resolved": "https://registry.npmjs.org/@smithy/util-middleware/-/util-middleware-4.2.14.tgz",
      "integrity": "sha512-1Su2vj9RYNDEv/V+2E+jXkkwGsgR7dc4sfHn9Z7ruzQHJIEni9zzw5CauvRXlFJfmgcqYP8fWa0dkh2Q2YaQyw==",
      "license": "Apache-2.0",
      "dependencies": {
        "@smithy/types": "^4.14.1",
        "tslib": "^2.6.2"
      },
      "engines": {
        "node": ">=18.0.0"
      }
    },
    "node_modules/@smithy/util-stream": {
      "version": "4.5.23",
      "resolved": "https://registry.npmjs.org/@smithy/util-stream/-/util-stream-4.5.23.tgz",
      "integrity": "sha512-N6on1+ngJ3RznZOnDWNveIwnTSlqxNnXuNAh7ez889ZZaRdXoNRTXKgmYOLe6dB0gCmAVtuRScE1hymQFl4hpg==",
      "license": "Apache-2.0",
      "dependencies": {
        "@smithy/fetch-http-handler": "^5.3.17",
        "@smithy/node-http-handler": "^4.5.3",
        "@smithy/types": "^4.14.1",
        "@smithy/util-base64": "^4.3.2",
        "@smithy/util-buffer-from": "^4.2.2",
        "@smithy/util-hex-encoding": "^4.2.2",
        "@smithy/util-utf8": "^4.2.2",
        "tslib": "^2.6.2"
      },
      "engines": {
        "node": ">=18.0.0"
      }
    },
    "node_modules/@smithy/util-uri-escape": {
      "version": "4.2.2",
      "resolved": "https://registry.npmjs.org/@smithy/util-uri-escape/-/util-uri-escape-4.2.2.tgz",
      "integrity": "sha512-2kAStBlvq+lTXHyAZYfJRb/DfS3rsinLiwb+69SstC9Vb0s9vNWkRwpnj918Pfi85mzi42sOqdV72OLxWAISnw==",
      "license": "Apache-2.0",
      "dependencies": {
        "tslib": "^2.6.2"
      },
      "engines": {
        "node": ">=18.0.0"
      }
    },
    "node_modules/@smithy/util-utf8": {
      "version": "4.2.2",
      "resolved": "https://registry.npmjs.org/@smithy/util-utf8/-/util-utf8-4.2.2.tgz",
      "integrity": "sha512-75MeYpjdWRe8M5E3AW0O4Cx3UadweS+cwdXjwYGBW5h/gxxnbeZ877sLPX/ZJA9GVTlL/qG0dXP29JWFCD1Ayw==",
      "license": "Apache-2.0",
      "dependencies": {
        "@smithy/util-buffer-from": "^4.2.2",
        "tslib": "^2.6.2"
      },
      "engines": {
        "node": ">=18.0.0"
      }
    },
    "node_modules/@smithy/uuid": {
      "version": "1.1.2",
      "resolved": "https://registry.npmjs.org/@smithy/uuid/-/uuid-1.1.2.tgz",
      "integrity": "sha512-O/IEdcCUKkubz60tFbGA7ceITTAJsty+lBjNoorP4Z6XRqaFb/OjQjZODophEcuq68nKm6/0r+6/lLQ+XVpk8g==",
      "license": "Apache-2.0",
      "dependencies": {
        "tslib": "^2.6.2"
      },
      "engines": {
        "node": ">=18.0.0"
      }
    },
    "node_modules/tslib": {
      "version": "2.8.1",
      "resolved": "https://registry.npmjs.org/tslib/-/tslib-2.8.1.tgz",
      "integrity": "sha512-oJFu94HQb+KVduSUQL7wnpmqnfmLsOA/nAh6b6EH0wCEoK0/mPeXU6c3wKDV83MkOuHPRHtSXKKU99IBazS/2w==",
      "license": "0BSD"
    }
  }
}
